
Microsoft Visual Studio Solution File, Format Version 12.00
# Visual Studio 14
VisualStudioVersion = 14.0.25420.1
MinimumVisualStudioVersion = 10.0.40219.1
Project("{FAE04EC0-301F-11D3-BF4B-00C04F79EFBC}") = "Classes Tutorial", "Classes Tutorial\Classes Tutorial.csproj", "{12304996-37BA-4789-8E90-6382925EF24D}"
EndProject
Project("{FAE04EC0-301F-11D3-BF4B-00C04F79EFBC}") = "SomeRandomClasses", "SomeRandomClasses\SomeRandomClasses.csproj", "{CE091A7C-952D-44B6-B6B5-68BBB8782B8C}"
EndProject
Global
	GlobalSection(SolutionConfigurationPlatforms) = preSolution
		Debug|Any CPU = Debug|Any CPU
		Release|Any CPU = Release|Any CPU
	EndGlobalSection
	GlobalSection(ProjectConfigurationPlatforms) = postSolution
		{12304996-37BA-4789-8E90-6382925EF24D}.Debug|Any CPU.ActiveCfg = Debug|Any CPU
		{12304996-37BA-4789-8E90-6382925EF24D}.Debug|Any CPU.Build.0 = Debug|Any CPU
		{12304996-37BA-4789-8E90-6382925EF24D}.Release|Any CPU.ActiveCfg = Release|Any CPU
		{12304996-37BA-4789-8E90-6382925EF24D}.Release|Any CPU.Build.0 = Release|Any CPU
		{CE091A7C-952D-44B6-B6B5-68BBB8782B8C}.Debug|Any CPU.ActiveCfg = Debug|Any CPU
		{CE091A7C-952D-44B6-B6B5-68BBB8782B8C}.Debug|Any CPU.Build.0 = Debug|Any CPU
		{CE091A7C-952D-44B6-B6B5-68BBB8782B8C}.Release|Any CPU.ActiveCfg = Release|Any CPU
		{CE091A7C-952D-44B6-B6B5-68BBB8782B8C}.Release|Any CPU.Build.0 = Release|Any CPU
	EndGlobalSection
	GlobalSection(SolutionProperties) = preSolution
		HideSolutionNode = FALSE
	EndGlobalSection
EndGlobal
